{
  "object": {
    "pins": [
      {
        "package": "Highlightr",
        "repositoryURL": "https://github.com/mortenjust/Highlightr",
        "state": {
          "branch": "master",
          "revision": "26e97746b00f784c19174c6e96bf38805950e842",
          "version": null
        }
      }
    ]
  },
  "version": 1
}
